
Microsoft Visual Studio Solution File, Format Version 12.00
Project("{FAE04EC0-301F-11D3-BF4B-00C04F79EFBC}") = "SingletonPattern", "SingletonPattern\SingletonPattern.csproj", "{3955CAF3-AF49-4887-833F-456CC9AA6504}"
EndProject
Project("{FAE04EC0-301F-11D3-BF4B-00C04F79EFBC}") = "FactoryMethodPattern", "FactoryMethodPattern\FactoryMethodPattern.csproj", "{BFE88221-2037-408D-9401-82AAA0953C88}"
EndProject
Project("{FAE04EC0-301F-11D3-BF4B-00C04F79EFBC}") = "AbstractFactory", "AbstractFactory\AbstractFactory.csproj", "{9FC53EAF-EFFF-46DD-AE0C-CF672821208E}"
EndProject
Project("{FAE04EC0-301F-11D3-BF4B-00C04F79EFBC}") = "BuilderPattern", "BuilderPattern\BuilderPattern.csproj", "{31A3B6E8-C9A8-4D26-AD56-DDE9A89F0B88}"
EndProject
Project("{FAE04EC0-301F-11D3-BF4B-00C04F79EFBC}") = "PrototypePattern", "PrototypePattern\PrototypePattern.csproj", "{DF2E037B-0DD4-42BE-9520-8CF377A76C98}"
EndProject
Global
	GlobalSection(SolutionConfigurationPlatforms) = preSolution
		Debug|Any CPU = Debug|Any CPU
		Release|Any CPU = Release|Any CPU
	EndGlobalSection
	GlobalSection(ProjectConfigurationPlatforms) = postSolution
		{3955CAF3-AF49-4887-833F-456CC9AA6504}.Debug|Any CPU.ActiveCfg = Debug|Any CPU
		{3955CAF3-AF49-4887-833F-456CC9AA6504}.Debug|Any CPU.Build.0 = Debug|Any CPU
		{3955CAF3-AF49-4887-833F-456CC9AA6504}.Release|Any CPU.ActiveCfg = Release|Any CPU
		{3955CAF3-AF49-4887-833F-456CC9AA6504}.Release|Any CPU.Build.0 = Release|Any CPU
		{BFE88221-2037-408D-9401-82AAA0953C88}.Debug|Any CPU.ActiveCfg = Debug|Any CPU
		{BFE88221-2037-408D-9401-82AAA0953C88}.Debug|Any CPU.Build.0 = Debug|Any CPU
		{BFE88221-2037-408D-9401-82AAA0953C88}.Release|Any CPU.ActiveCfg = Release|Any CPU
		{BFE88221-2037-408D-9401-82AAA0953C88}.Release|Any CPU.Build.0 = Release|Any CPU
		{9FC53EAF-EFFF-46DD-AE0C-CF672821208E}.Debug|Any CPU.ActiveCfg = Debug|Any CPU
		{9FC53EAF-EFFF-46DD-AE0C-CF672821208E}.Debug|Any CPU.Build.0 = Debug|Any CPU
		{9FC53EAF-EFFF-46DD-AE0C-CF672821208E}.Release|Any CPU.ActiveCfg = Release|Any CPU
		{9FC53EAF-EFFF-46DD-AE0C-CF672821208E}.Release|Any CPU.Build.0 = Release|Any CPU
		{31A3B6E8-C9A8-4D26-AD56-DDE9A89F0B88}.Debug|Any CPU.ActiveCfg = Debug|Any CPU
		{31A3B6E8-C9A8-4D26-AD56-DDE9A89F0B88}.Debug|Any CPU.Build.0 = Debug|Any CPU
		{31A3B6E8-C9A8-4D26-AD56-DDE9A89F0B88}.Release|Any CPU.ActiveCfg = Release|Any CPU
		{31A3B6E8-C9A8-4D26-AD56-DDE9A89F0B88}.Release|Any CPU.Build.0 = Release|Any CPU
		{DF2E037B-0DD4-42BE-9520-8CF377A76C98}.Debug|Any CPU.ActiveCfg = Debug|Any CPU
		{DF2E037B-0DD4-42BE-9520-8CF377A76C98}.Debug|Any CPU.Build.0 = Debug|Any CPU
		{DF2E037B-0DD4-42BE-9520-8CF377A76C98}.Release|Any CPU.ActiveCfg = Release|Any CPU
		{DF2E037B-0DD4-42BE-9520-8CF377A76C98}.Release|Any CPU.Build.0 = Release|Any CPU
	EndGlobalSection
EndGlobal
